
Microsoft Visual Studio Solution File, Format Version 12.00
# Visual Studio Version 16
VisualStudioVersion = 16.0.29324.140
MinimumVisualStudioVersion = 10.0.40219.1
Project("{9A19103F-16F7-4668-BE54-9A1E7A4F7556}") = "ElvenEars", "ElvenEars.csproj", "{5C5E7942-EF42-4A1D-858E-49EB02D5FBAC}"
EndProject
Global
	GlobalSection(SolutionConfigurationPlatforms) = preSolution
		Debug|Any CPU = Debug|Any CPU
		Release|Any CPU = Release|Any CPU
	EndGlobalSection
	GlobalSection(ProjectConfigurationPlatforms) = postSolution
		{5C5E7942-EF42-4A1D-858E-49EB02D5FBAC}.Debug|Any CPU.ActiveCfg = Debug|Any CPU
		{5C5E7942-EF42-4A1D-858E-49EB02D5FBAC}.Debug|Any CPU.Build.0 = Debug|Any CPU
		{5C5E7942-EF42-4A1D-858E-49EB02D5FBAC}.Release|Any CPU.ActiveCfg = Release|Any CPU
		{5C5E7942-EF42-4A1D-858E-49EB02D5FBAC}.Release|Any CPU.Build.0 = Release|Any CPU
	EndGlobalSection
	GlobalSection(SolutionProperties) = preSolution
		HideSolutionNode = FALSE
	EndGlobalSection
	GlobalSection(ExtensibilityGlobals) = postSolution
		SolutionGuid = {DF2EEF72-9AAB-4315-914A-AC745F00B5E4}
	EndGlobalSection
EndGlobal
